
Microsoft Visual Studio Solution File, Format Version 12.00
# Visual Studio 15
VisualStudioVersion = 15.0.26730.15
MinimumVisualStudioVersion = 10.0.40219.1
Project("{FAE04EC0-301F-11D3-BF4B-00C04F79EFBC}") = "EventyIDelegaty", "EventyIDelegaty\EventyIDelegaty.csproj", "{FB2983A1-84EE-430B-8733-BF16DC201872}"
EndProject
Global
	GlobalSection(SolutionConfigurationPlatforms) = preSolution
		Debug|Any CPU = Debug|Any CPU
		Release|Any CPU = Release|Any CPU
	EndGlobalSection
	GlobalSection(ProjectConfigurationPlatforms) = postSolution
		{FB2983A1-84EE-430B-8733-BF16DC201872}.Debug|Any CPU.ActiveCfg = Debug|Any CPU
		{FB2983A1-84EE-430B-8733-BF16DC201872}.Debug|Any CPU.Build.0 = Debug|Any CPU
		{FB2983A1-84EE-430B-8733-BF16DC201872}.Release|Any CPU.ActiveCfg = Release|Any CPU
		{FB2983A1-84EE-430B-8733-BF16DC201872}.Release|Any CPU.Build.0 = Release|Any CPU
	EndGlobalSection
	GlobalSection(SolutionProperties) = preSolution
		HideSolutionNode = FALSE
	EndGlobalSection
	GlobalSection(ExtensibilityGlobals) = postSolution
		SolutionGuid = {011FBBE9-D0B2-404C-8177-5BB582A35698}
	EndGlobalSection
EndGlobal
